
Microsoft Visual Studio Solution File, Format Version 12.00
# Visual Studio Version 16
VisualStudioVersion = 16.0.30320.27
MinimumVisualStudioVersion = 10.0.40219.1
Project("{9A19103F-16F7-4668-BE54-9A1E7A4F7556}") = "Lexicala.NET.Client", "Lexicala.Client\Lexicala.NET.Client.csproj", "{F8CA0018-22F4-4161-80EB-FCBDF71A8FDF}"
EndProject
Project("{9A19103F-16F7-4668-BE54-9A1E7A4F7556}") = "Lexicala.NET.Parser", "Lexicala.Parser\Lexicala.NET.Parser.csproj", "{02F370E2-B0D6-4370-9D82-8F0BEBFD7279}"
EndProject
Project("{FAE04EC0-301F-11D3-BF4B-00C04F79EFBC}") = "Lexicala.NET.Client.Tests", "Lexicala.Client.Tests\Lexicala.NET.Client.Tests.csproj", "{E93A59EF-6635-456A-9A3A-908AA7B7A70D}"
EndProject
Project("{FAE04EC0-301F-11D3-BF4B-00C04F79EFBC}") = "Lexicala.NET.Parser.Tests", "Lexicala.Parser.Tests\Lexicala.NET.Parser.Tests.csproj", "{5A4931BD-4D50-43A8-9876-B44AF7217E3C}"
EndProject
Project("{FAE04EC0-301F-11D3-BF4B-00C04F79EFBC}") = "Lexicala.NET.ConsoleApp", "Lexicala.NET.ConsoleApp\Lexicala.NET.ConsoleApp.csproj", "{8EA4F1F3-EFDB-468C-82BB-E5FC2B9068FD}"
EndProject
Global
	GlobalSection(SolutionConfigurationPlatforms) = preSolution
		Debug|Any CPU = Debug|Any CPU
		Release|Any CPU = Release|Any CPU
	EndGlobalSection
	GlobalSection(ProjectConfigurationPlatforms) = postSolution
		{F8CA0018-22F4-4161-80EB-FCBDF71A8FDF}.Debug|Any CPU.ActiveCfg = Debug|Any CPU
		{F8CA0018-22F4-4161-80EB-FCBDF71A8FDF}.Debug|Any CPU.Build.0 = Debug|Any CPU
		{F8CA0018-22F4-4161-80EB-FCBDF71A8FDF}.Release|Any CPU.ActiveCfg = Release|Any CPU
		{F8CA0018-22F4-4161-80EB-FCBDF71A8FDF}.Release|Any CPU.Build.0 = Release|Any CPU
		{02F370E2-B0D6-4370-9D82-8F0BEBFD7279}.Debug|Any CPU.ActiveCfg = Debug|Any CPU
		{02F370E2-B0D6-4370-9D82-8F0BEBFD7279}.Debug|Any CPU.Build.0 = Debug|Any CPU
		{02F370E2-B0D6-4370-9D82-8F0BEBFD7279}.Release|Any CPU.ActiveCfg = Release|Any CPU
		{02F370E2-B0D6-4370-9D82-8F0BEBFD7279}.Release|Any CPU.Build.0 = Release|Any CPU
		{E93A59EF-6635-456A-9A3A-908AA7B7A70D}.Debug|Any CPU.ActiveCfg = Debug|Any CPU
		{E93A59EF-6635-456A-9A3A-908AA7B7A70D}.Debug|Any CPU.Build.0 = Debug|Any CPU
		{E93A59EF-6635-456A-9A3A-908AA7B7A70D}.Release|Any CPU.ActiveCfg = Release|Any CPU
		{E93A59EF-6635-456A-9A3A-908AA7B7A70D}.Release|Any CPU.Build.0 = Release|Any CPU
		{5A4931BD-4D50-43A8-9876-B44AF7217E3C}.Debug|Any CPU.ActiveCfg = Debug|Any CPU
		{5A4931BD-4D50-43A8-9876-B44AF7217E3C}.Debug|Any CPU.Build.0 = Debug|Any CPU
		{5A4931BD-4D50-43A8-9876-B44AF7217E3C}.Release|Any CPU.ActiveCfg = Release|Any CPU
		{5A4931BD-4D50-43A8-9876-B44AF7217E3C}.Release|Any CPU.Build.0 = Release|Any CPU
		{8EA4F1F3-EFDB-468C-82BB-E5FC2B9068FD}.Debug|Any CPU.ActiveCfg = Debug|Any CPU
		{8EA4F1F3-EFDB-468C-82BB-E5FC2B9068FD}.Debug|Any CPU.Build.0 = Debug|Any CPU
		{8EA4F1F3-EFDB-468C-82BB-E5FC2B9068FD}.Release|Any CPU.ActiveCfg = Release|Any CPU
		{8EA4F1F3-EFDB-468C-82BB-E5FC2B9068FD}.Release|Any CPU.Build.0 = Release|Any CPU
	EndGlobalSection
	GlobalSection(SolutionProperties) = preSolution
		HideSolutionNode = FALSE
	EndGlobalSection
	GlobalSection(ExtensibilityGlobals) = postSolution
		SolutionGuid = {FD4D002A-2425-4328-BE36-D7F6CB4EFEA7}
	EndGlobalSection
EndGlobal
